
Microsoft Visual Studio Solution File, Format Version 12.00
# Visual Studio 15
VisualStudioVersion = 15.0.28307.645
MinimumVisualStudioVersion = 10.0.40219.1
Project("{8BC9CEB8-8B4A-11D0-8D11-00A0C91BC942}") = "CanisEngine", "CanisEngine\CanisEngine.vcxproj", "{27E496BF-780E-4F3F-8ED1-785AAD2354B3}"
EndProject
Project("{8BC9CEB8-8B4A-11D0-8D11-00A0C91BC942}") = "Game", "Game\Game.vcxproj", "{11E67618-679C-4C3C-9EE5-F310A68CEE64}"
EndProject
Project("{8BC9CEB8-8B4A-11D0-8D11-00A0C91BC942}") = "Canis", "Canis\Canis.vcxproj", "{095DC0D9-BE5C-4A37-AEE8-B7E8DD992048}"
EndProject
Global
	GlobalSection(SolutionConfigurationPlatforms) = preSolution
		Debug|x64 = Debug|x64
		Release|x64 = Release|x64
	EndGlobalSection
	GlobalSection(ProjectConfigurationPlatforms) = postSolution
		{27E496BF-780E-4F3F-8ED1-785AAD2354B3}.Debug|x64.ActiveCfg = Debug|x64
		{27E496BF-780E-4F3F-8ED1-785AAD2354B3}.Debug|x64.Build.0 = Debug|x64
		{27E496BF-780E-4F3F-8ED1-785AAD2354B3}.Release|x64.ActiveCfg = Release|x64
		{27E496BF-780E-4F3F-8ED1-785AAD2354B3}.Release|x64.Build.0 = Release|x64
		{11E67618-679C-4C3C-9EE5-F310A68CEE64}.Debug|x64.ActiveCfg = Debug|x64
		{11E67618-679C-4C3C-9EE5-F310A68CEE64}.Debug|x64.Build.0 = Debug|x64
		{11E67618-679C-4C3C-9EE5-F310A68CEE64}.Release|x64.ActiveCfg = Release|x64
		{11E67618-679C-4C3C-9EE5-F310A68CEE64}.Release|x64.Build.0 = Release|x64
		{095DC0D9-BE5C-4A37-AEE8-B7E8DD992048}.Debug|x64.ActiveCfg = Debug|x64
		{095DC0D9-BE5C-4A37-AEE8-B7E8DD992048}.Debug|x64.Build.0 = Debug|x64
		{095DC0D9-BE5C-4A37-AEE8-B7E8DD992048}.Release|x64.ActiveCfg = Release|x64
		{095DC0D9-BE5C-4A37-AEE8-B7E8DD992048}.Release|x64.Build.0 = Release|x64
	EndGlobalSection
	GlobalSection(SolutionProperties) = preSolution
		HideSolutionNode = FALSE
	EndGlobalSection
	GlobalSection(ExtensibilityGlobals) = postSolution
		SolutionGuid = {7F88D436-CCB8-4A17-B3E1-97D6B7E1A376}
	EndGlobalSection
EndGlobal
